
Microsoft Visual Studio Solution File, Format Version 12.00
# Visual Studio 15
VisualStudioVersion = 15.0.27703.2042
MinimumVisualStudioVersion = 10.0.40219.1
Project("{8BC9CEB8-8B4A-11D0-8D11-00A0C91BC942}") = "MasterMind", "MasterMind\MasterMind.vcxproj", "{D852651B-3A59-4D82-B6C8-469BF49E2675}"
EndProject
Project("{8BC9CEB8-8B4A-11D0-8D11-00A0C91BC942}") = "MasterTests", "MasterTests\MasterTests.vcxproj", "{015D5F61-2ABA-418F-BEA9-4F2E8E4F84D5}"
EndProject
Global
	GlobalSection(SolutionConfigurationPlatforms) = preSolution
		Debug|x64 = Debug|x64
		Debug|x86 = Debug|x86
		Release|x64 = Release|x64
		Release|x86 = Release|x86
	EndGlobalSection
	GlobalSection(ProjectConfigurationPlatforms) = postSolution
		{D852651B-3A59-4D82-B6C8-469BF49E2675}.Debug|x64.ActiveCfg = Debug|x64
		{D852651B-3A59-4D82-B6C8-469BF49E2675}.Debug|x64.Build.0 = Debug|x64
		{D852651B-3A59-4D82-B6C8-469BF49E2675}.Debug|x86.ActiveCfg = Debug|Win32
		{D852651B-3A59-4D82-B6C8-469BF49E2675}.Debug|x86.Build.0 = Debug|Win32
		{D852651B-3A59-4D82-B6C8-469BF49E2675}.Release|x64.ActiveCfg = Release|x64
		{D852651B-3A59-4D82-B6C8-469BF49E2675}.Release|x64.Build.0 = Release|x64
		{D852651B-3A59-4D82-B6C8-469BF49E2675}.Release|x86.ActiveCfg = Release|Win32
		{D852651B-3A59-4D82-B6C8-469BF49E2675}.Release|x86.Build.0 = Release|Win32
		{015D5F61-2ABA-418F-BEA9-4F2E8E4F84D5}.Debug|x64.ActiveCfg = Debug|x64
		{015D5F61-2ABA-418F-BEA9-4F2E8E4F84D5}.Debug|x64.Build.0 = Debug|x64
		{015D5F61-2ABA-418F-BEA9-4F2E8E4F84D5}.Debug|x86.ActiveCfg = Debug|Win32
		{015D5F61-2ABA-418F-BEA9-4F2E8E4F84D5}.Debug|x86.Build.0 = Debug|Win32
		{015D5F61-2ABA-418F-BEA9-4F2E8E4F84D5}.Release|x64.ActiveCfg = Release|x64
		{015D5F61-2ABA-418F-BEA9-4F2E8E4F84D5}.Release|x64.Build.0 = Release|x64
		{015D5F61-2ABA-418F-BEA9-4F2E8E4F84D5}.Release|x86.ActiveCfg = Release|Win32
		{015D5F61-2ABA-418F-BEA9-4F2E8E4F84D5}.Release|x86.Build.0 = Release|Win32
	EndGlobalSection
	GlobalSection(SolutionProperties) = preSolution
		HideSolutionNode = FALSE
	EndGlobalSection
	GlobalSection(ExtensibilityGlobals) = postSolution
		SolutionGuid = {8F2D458F-22AC-4376-90C4-44690E819074}
	EndGlobalSection
EndGlobal
